
Microsoft Visual Studio Solution File, Format Version 12.00
# Visual Studio Version 17
VisualStudioVersion = 17.1.31911.260
MinimumVisualStudioVersion = 10.0.40219.1
Project("{9A19103F-16F7-4668-BE54-9A1E7A4F7556}") = "Mica Discord WPF", "Mica Discord WPF\Mica Discord WPF.csproj", "{335147AD-1414-4847-99A8-C11A142CED09}"
EndProject
Project("{C7167F0D-BC9F-4E6E-AFE1-012C56B48DB5}") = "Mica Discord Packager", "Mica Discord Packager\Mica Discord Packager.wapproj", "{C471A8B0-E899-420D-A4A0-44EA4A2540FD}"
EndProject
Global
	GlobalSection(SolutionConfigurationPlatforms) = preSolution
		Debug|Any CPU = Debug|Any CPU
		Debug|ARM = Debug|ARM
		Debug|ARM64 = Debug|ARM64
		Debug|x64 = Debug|x64
		Debug|x86 = Debug|x86
		Release|Any CPU = Release|Any CPU
		Release|ARM = Release|ARM
		Release|ARM64 = Release|ARM64
		Release|x64 = Release|x64
		Release|x86 = Release|x86
	EndGlobalSection
	GlobalSection(ProjectConfigurationPlatforms) = postSolution
		{335147AD-1414-4847-99A8-C11A142CED09}.Debug|Any CPU.ActiveCfg = Debug|Any CPU
		{335147AD-1414-4847-99A8-C11A142CED09}.Debug|Any CPU.Build.0 = Debug|Any CPU
		{335147AD-1414-4847-99A8-C11A142CED09}.Debug|ARM.ActiveCfg = Debug|Any CPU
		{335147AD-1414-4847-99A8-C11A142CED09}.Debug|ARM.Build.0 = Debug|Any CPU
		{335147AD-1414-4847-99A8-C11A142CED09}.Debug|ARM64.ActiveCfg = Debug|Any CPU
		{335147AD-1414-4847-99A8-C11A142CED09}.Debug|ARM64.Build.0 = Debug|Any CPU
		{335147AD-1414-4847-99A8-C11A142CED09}.Debug|x64.ActiveCfg = Debug|Any CPU
		{335147AD-1414-4847-99A8-C11A142CED09}.Debug|x64.Build.0 = Debug|Any CPU
		{335147AD-1414-4847-99A8-C11A142CED09}.Debug|x86.ActiveCfg = Debug|Any CPU
		{335147AD-1414-4847-99A8-C11A142CED09}.Debug|x86.Build.0 = Debug|Any CPU
		{335147AD-1414-4847-99A8-C11A142CED09}.Release|Any CPU.ActiveCfg = Release|Any CPU
		{335147AD-1414-4847-99A8-C11A142CED09}.Release|Any CPU.Build.0 = Release|Any CPU
		{335147AD-1414-4847-99A8-C11A142CED09}.Release|ARM.ActiveCfg = Release|Any CPU
		{335147AD-1414-4847-99A8-C11A142CED09}.Release|ARM.Build.0 = Release|Any CPU
		{335147AD-1414-4847-99A8-C11A142CED09}.Release|ARM64.ActiveCfg = Release|Any CPU
		{335147AD-1414-4847-99A8-C11A142CED09}.Release|ARM64.Build.0 = Release|Any CPU
		{335147AD-1414-4847-99A8-C11A142CED09}.Release|x64.ActiveCfg = Release|x64
		{335147AD-1414-4847-99A8-C11A142CED09}.Release|x64.Build.0 = Release|x64
		{335147AD-1414-4847-99A8-C11A142CED09}.Release|x86.ActiveCfg = Release|Any CPU
		{335147AD-1414-4847-99A8-C11A142CED09}.Release|x86.Build.0 = Release|Any CPU
		{C471A8B0-E899-420D-A4A0-44EA4A2540FD}.Debug|Any CPU.ActiveCfg = Debug|Any CPU
		{C471A8B0-E899-420D-A4A0-44EA4A2540FD}.Debug|Any CPU.Build.0 = Debug|Any CPU
		{C471A8B0-E899-420D-A4A0-44EA4A2540FD}.Debug|Any CPU.Deploy.0 = Debug|Any CPU
		{C471A8B0-E899-420D-A4A0-44EA4A2540FD}.Debug|ARM.ActiveCfg = Debug|ARM
		{C471A8B0-E899-420D-A4A0-44EA4A2540FD}.Debug|ARM.Build.0 = Debug|ARM
		{C471A8B0-E899-420D-A4A0-44EA4A2540FD}.Debug|ARM.Deploy.0 = Debug|ARM
		{C471A8B0-E899-420D-A4A0-44EA4A2540FD}.Debug|ARM64.ActiveCfg = Debug|ARM64
		{C471A8B0-E899-420D-A4A0-44EA4A2540FD}.Debug|ARM64.Build.0 = Debug|ARM64
		{C471A8B0-E899-420D-A4A0-44EA4A2540FD}.Debug|ARM64.Deploy.0 = Debug|ARM64
		{C471A8B0-E899-420D-A4A0-44EA4A2540FD}.Debug|x64.ActiveCfg = Debug|x64
		{C471A8B0-E899-420D-A4A0-44EA4A2540FD}.Debug|x64.Build.0 = Debug|x64
		{C471A8B0-E899-420D-A4A0-44EA4A2540FD}.Debug|x64.Deploy.0 = Debug|x64
		{C471A8B0-E899-420D-A4A0-44EA4A2540FD}.Debug|x86.ActiveCfg = Debug|x86
		{C471A8B0-E899-420D-A4A0-44EA4A2540FD}.Debug|x86.Build.0 = Debug|x86
		{C471A8B0-E899-420D-A4A0-44EA4A2540FD}.Debug|x86.Deploy.0 = Debug|x86
		{C471A8B0-E899-420D-A4A0-44EA4A2540FD}.Release|Any CPU.ActiveCfg = Release|Any CPU
		{C471A8B0-E899-420D-A4A0-44EA4A2540FD}.Release|Any CPU.Build.0 = Release|Any CPU
		{C471A8B0-E899-420D-A4A0-44EA4A2540FD}.Release|Any CPU.Deploy.0 = Release|Any CPU
		{C471A8B0-E899-420D-A4A0-44EA4A2540FD}.Release|ARM.ActiveCfg = Release|ARM
		{C471A8B0-E899-420D-A4A0-44EA4A2540FD}.Release|ARM.Build.0 = Release|ARM
		{C471A8B0-E899-420D-A4A0-44EA4A2540FD}.Release|ARM.Deploy.0 = Release|ARM
		{C471A8B0-E899-420D-A4A0-44EA4A2540FD}.Release|ARM64.ActiveCfg = Release|ARM64
		{C471A8B0-E899-420D-A4A0-44EA4A2540FD}.Release|ARM64.Build.0 = Release|ARM64
		{C471A8B0-E899-420D-A4A0-44EA4A2540FD}.Release|ARM64.Deploy.0 = Release|ARM64
		{C471A8B0-E899-420D-A4A0-44EA4A2540FD}.Release|x64.ActiveCfg = Release|x64
		{C471A8B0-E899-420D-A4A0-44EA4A2540FD}.Release|x64.Build.0 = Release|x64
		{C471A8B0-E899-420D-A4A0-44EA4A2540FD}.Release|x64.Deploy.0 = Release|x64
		{C471A8B0-E899-420D-A4A0-44EA4A2540FD}.Release|x86.ActiveCfg = Release|x86
		{C471A8B0-E899-420D-A4A0-44EA4A2540FD}.Release|x86.Build.0 = Release|x86
		{C471A8B0-E899-420D-A4A0-44EA4A2540FD}.Release|x86.Deploy.0 = Release|x86
	EndGlobalSection
	GlobalSection(SolutionProperties) = preSolution
		HideSolutionNode = FALSE
	EndGlobalSection
	GlobalSection(ExtensibilityGlobals) = postSolution
		SolutionGuid = {3E4F4EB0-E9D2-43BD-B04E-8A23EA7ECDE8}
	EndGlobalSection
EndGlobal
